
Microsoft Visual Studio Solution File, Format Version 12.00
# Visual Studio Version 17
VisualStudioVersion = 17.13.35825.156
MinimumVisualStudioVersion = 10.0.40219.1
Project("{FAE04EC0-301F-11D3-BF4B-00C04F79EFBC}") = "FileParser", "FileParser\FileParser.csproj", "{AAE1931D-3D3D-4F28-A589-2BE1A75E5F82}"
EndProject
Project("{FAE04EC0-301F-11D3-BF4B-00C04F79EFBC}") = "World", "World\World.csproj", "{8DD8D566-FEE5-4905-A8F4-06C69D8A3FCD}"
EndProject
Project("{FAE04EC0-301F-11D3-BF4B-00C04F79EFBC}") = "Scripts", "Scripts\Scripts.csproj", "{2FD711E1-EAF4-4228-A1E7-A2CCA8CB6FB3}"
EndProject
Global
	GlobalSection(SolutionConfigurationPlatforms) = preSolution
		Debug|Any CPU = Debug|Any CPU
		Release|Any CPU = Release|Any CPU
	EndGlobalSection
	GlobalSection(ProjectConfigurationPlatforms) = postSolution
		{AAE1931D-3D3D-4F28-A589-2BE1A75E5F82}.Debug|Any CPU.ActiveCfg = Debug|Any CPU
		{AAE1931D-3D3D-4F28-A589-2BE1A75E5F82}.Debug|Any CPU.Build.0 = Debug|Any CPU
		{AAE1931D-3D3D-4F28-A589-2BE1A75E5F82}.Release|Any CPU.ActiveCfg = Release|Any CPU
		{AAE1931D-3D3D-4F28-A589-2BE1A75E5F82}.Release|Any CPU.Build.0 = Release|Any CPU
		{8DD8D566-FEE5-4905-A8F4-06C69D8A3FCD}.Debug|Any CPU.ActiveCfg = Debug|Any CPU
		{8DD8D566-FEE5-4905-A8F4-06C69D8A3FCD}.Debug|Any CPU.Build.0 = Debug|Any CPU
		{8DD8D566-FEE5-4905-A8F4-06C69D8A3FCD}.Release|Any CPU.ActiveCfg = Release|Any CPU
		{8DD8D566-FEE5-4905-A8F4-06C69D8A3FCD}.Release|Any CPU.Build.0 = Release|Any CPU
		{2FD711E1-EAF4-4228-A1E7-A2CCA8CB6FB3}.Debug|Any CPU.ActiveCfg = Debug|Any CPU
		{2FD711E1-EAF4-4228-A1E7-A2CCA8CB6FB3}.Debug|Any CPU.Build.0 = Debug|Any CPU
		{2FD711E1-EAF4-4228-A1E7-A2CCA8CB6FB3}.Release|Any CPU.ActiveCfg = Release|Any CPU
		{2FD711E1-EAF4-4228-A1E7-A2CCA8CB6FB3}.Release|Any CPU.Build.0 = Release|Any CPU
	EndGlobalSection
	GlobalSection(SolutionProperties) = preSolution
		HideSolutionNode = FALSE
	EndGlobalSection
	GlobalSection(ExtensibilityGlobals) = postSolution
		SolutionGuid = {A7B44812-49D6-4AB3-B1E1-8B09DB136A18}
	EndGlobalSection
EndGlobal
